// !$*UTF8*$!
{
	archiveVersion = 1;
	classes = {
	};
	objectVersion = 77;
	objects = {

/* Begin PBXBuildFile section */
		BF9BB9602D6AECBB00B565B5 /* SuperwallKit in Frameworks */ = {isa = PBXBuildFile; productRef = BF9BB95F2D6AECBB00B565B5 /* SuperwallKit */; };
		BF9BB9692D6AF6E100B565B5 /* StoreKit.framework in Frameworks */ = {isa = PBXBuildFile; fileRef = BF9BB9682D6AF6E100B565B5 /* StoreKit.framework */; };
		BFA550242D6A4A38004D100C /* FirebaseAppCheck in Frameworks */ = {isa = PBXBuildFile; productRef = BFA550232D6A4A38004D100C /* FirebaseAppCheck */; };
		BFA550262D6A4A38004D100C /* FirebaseAuth in Frameworks */ = {isa = PBXBuildFile; productRef = BFA550252D6A4A38004D100C /* FirebaseAuth */; };
		BFA550282D6A4A38004D100C /* FirebaseCore in Frameworks */ = {isa = PBXBuildFile; productRef = BFA550272D6A4A38004D100C /* FirebaseCore */; };
		BFA5502A2D6A4A38004D100C /* FirebaseDatabase in Frameworks */ = {isa = PBXBuildFile; productRef = BFA550292D6A4A38004D100C /* FirebaseDatabase */; };
		BFA5502C2D6A4A38004D100C /* FirebaseFirestore in Frameworks */ = {isa = PBXBuildFile; productRef = BFA5502B2D6A4A38004D100C /* FirebaseFirestore */; };
		BFA5502E2D6A4A38004D100C /* FirebaseFirestoreCombine-Community in Frameworks */ = {isa = PBXBuildFile; productRef = BFA5502D2D6A4A38004D100C /* FirebaseFirestoreCombine-Community */; };
		BFA550312D6A4A50004D100C /* GoogleSignIn in Frameworks */ = {isa = PBXBuildFile; productRef = BFA550302D6A4A50004D100C /* GoogleSignIn */; };
		BFA550332D6A4A50004D100C /* GoogleSignInSwift in Frameworks */ = {isa = PBXBuildFile; productRef = BFA550322D6A4A50004D100C /* GoogleSignInSwift */; };
		BFA550362D6A4A76004D100C /* Lottie in Frameworks */ = {isa = PBXBuildFile; productRef = BFA550352D6A4A76004D100C /* Lottie */; };
/* End PBXBuildFile section */

/* Begin PBXContainerItemProxy section */
		BFE0AF3A2D66924F0047AD6F /* PBXContainerItemProxy */ = {
			isa = PBXContainerItemProxy;
			containerPortal = BFE0AF202D66924C0047AD6F /* Project object */;
			proxyType = 1;
			remoteGlobalIDString = BFE0AF272D66924C0047AD6F;
			remoteInfo = Snapapp;
		};
		BFE0AF442D66924F0047AD6F /* PBXContainerItemProxy */ = {
			isa = PBXContainerItemProxy;
			containerPortal = BFE0AF202D66924C0047AD6F /* Project object */;
			proxyType = 1;
			remoteGlobalIDString = BFE0AF272D66924C0047AD6F;
			remoteInfo = Snapapp;
		};
/* End PBXContainerItemProxy section */

/* Begin PBXFileReference section */
		BF9BB9682D6AF6E100B565B5 /* StoreKit.framework */ = {isa = PBXFileReference; lastKnownFileType = wrapper.framework; name = StoreKit.framework; path = System/Library/Frameworks/StoreKit.framework; sourceTree = SDKROOT; };
		BFE0AF282D66924C0047AD6F /* Snapapp.app */ = {isa = PBXFileReference; explicitFileType = wrapper.application; includeInIndex = 0; path = Snapapp.app; sourceTree = BUILT_PRODUCTS_DIR; };
		BFE0AF392D66924F0047AD6F /* SnapappTests.xctest */ = {isa = PBXFileReference; explicitFileType = wrapper.cfbundle; includeInIndex = 0; path = SnapappTests.xctest; sourceTree = BUILT_PRODUCTS_DIR; };
		BFE0AF432D66924F0047AD6F /* SnapappUITests.xctest */ = {isa = PBXFileReference; explicitFileType = wrapper.cfbundle; includeInIndex = 0; path = SnapappUITests.xctest; sourceTree = BUILT_PRODUCTS_DIR; };
/* End PBXFileReference section */

/* Begin PBXFileSystemSynchronizedBuildFileExceptionSet section */
		BF822DA62D6F82C000A1F18E /* Exceptions for "Snapapp" folder in "Snapapp" target */ = {
			isa = PBXFileSystemSynchronizedBuildFileExceptionSet;
			membershipExceptions = (
				Info.plist,
			);
			target = BFE0AF272D66924C0047AD6F /* Snapapp */;
		};
/* End PBXFileSystemSynchronizedBuildFileExceptionSet section */

/* Begin PBXFileSystemSynchronizedRootGroup section */
		BFE0AF2A2D66924C0047AD6F /* Snapapp */ = {
			isa = PBXFileSystemSynchronizedRootGroup;
			exceptions = (
				BF822DA62D6F82C000A1F18E /* Exceptions for "Snapapp" folder in "Snapapp" target */,
			);
			path = Snapapp;
			sourceTree = "<group>";
		};
		BFE0AF3C2D66924F0047AD6F /* SnapappTests */ = {
			isa = PBXFileSystemSynchronizedRootGroup;
			path = SnapappTests;
			sourceTree = "<group>";
		};
		BFE0AF462D66924F0047AD6F /* SnapappUITests */ = {
			isa = PBXFileSystemSynchronizedRootGroup;
			path = SnapappUITests;
			sourceTree = "<group>";
		};
/* End PBXFileSystemSynchronizedRootGroup section */

/* Begin PBXFrameworksBuildPhase section */
		BFE0AF252D66924C0047AD6F /* Frameworks */ = {
			isa = PBXFrameworksBuildPhase;
			buildActionMask = 2147483647;
			files = (
				BFA550242D6A4A38004D100C /* FirebaseAppCheck in Frameworks */,
				BFA550282D6A4A38004D100C /* FirebaseCore in Frameworks */,
				BFA550362D6A4A76004D100C /* Lottie in Frameworks */,
				BF9BB9602D6AECBB00B565B5 /* SuperwallKit in Frameworks */,
				BFA5502A2D6A4A38004D100C /* FirebaseDatabase in Frameworks */,
				BFA550332D6A4A50004D100C /* GoogleSignInSwift in Frameworks */,
				BFA5502E2D6A4A38004D100C /* FirebaseFirestoreCombine-Community in Frameworks */,
				BFA5502C2D6A4A38004D100C /* FirebaseFirestore in Frameworks */,
				BFA550262D6A4A38004D100C /* FirebaseAuth in Frameworks */,
				BFA550312D6A4A50004D100C /* GoogleSignIn in Frameworks */,
				BF9BB9692D6AF6E100B565B5 /* StoreKit.framework in Frameworks */,
			);
			runOnlyForDeploymentPostprocessing = 0;
		};
		BFE0AF362D66924F0047AD6F /* Frameworks */ = {
			isa = PBXFrameworksBuildPhase;
			buildActionMask = 2147483647;
			files = (
			);
			runOnlyForDeploymentPostprocessing = 0;
		};
		BFE0AF402D66924F0047AD6F /* Frameworks */ = {
			isa = PBXFrameworksBuildPhase;
			buildActionMask = 2147483647;
			files = (
			);
			runOnlyForDeploymentPostprocessing = 0;
		};
/* End PBXFrameworksBuildPhase section */

/* Begin PBXGroup section */
		BF9BB9672D6AF6E100B565B5 /* Frameworks */ = {
			isa = PBXGroup;
			children = (
				BF9BB9682D6AF6E100B565B5 /* StoreKit.framework */,
			);
			name = Frameworks;
			sourceTree = "<group>";
		};
		BFE0AF1F2D66924C0047AD6F = {
			isa = PBXGroup;
			children = (
				BFE0AF2A2D66924C0047AD6F /* Snapapp */,
				BFE0AF3C2D66924F0047AD6F /* SnapappTests */,
				BFE0AF462D66924F0047AD6F /* SnapappUITests */,
				BF9BB9672D6AF6E100B565B5 /* Frameworks */,
				BFE0AF292D66924C0047AD6F /* Products */,
			);
			sourceTree = "<group>";
		};
		BFE0AF292D66924C0047AD6F /* Products */ = {
			isa = PBXGroup;
			children = (
				BFE0AF282D66924C0047AD6F /* Snapapp.app */,
				BFE0AF392D66924F0047AD6F /* SnapappTests.xctest */,
				BFE0AF432D66924F0047AD6F /* SnapappUITests.xctest */,
			);
			name = Products;
			sourceTree = "<group>";
		};
/* End PBXGroup section */

/* Begin PBXNativeTarget section */
		BFE0AF272D66924C0047AD6F /* Snapapp */ = {
			isa = PBXNativeTarget;
			buildConfigurationList = BFE0AF4D2D66924F0047AD6F /* Build configuration list for PBXNativeTarget "Snapapp" */;
			buildPhases = (
				BFE0AF242D66924C0047AD6F /* Sources */,
				BFE0AF252D66924C0047AD6F /* Frameworks */,
				BFE0AF262D66924C0047AD6F /* Resources */,
			);
			buildRules = (
			);
			dependencies = (
			);
			fileSystemSynchronizedGroups = (
				BFE0AF2A2D66924C0047AD6F /* Snapapp */,
			);
			name = Snapapp;
			packageProductDependencies = (
				BFA550232D6A4A38004D100C /* FirebaseAppCheck */,
				BFA550252D6A4A38004D100C /* FirebaseAuth */,
				BFA550272D6A4A38004D100C /* FirebaseCore */,
				BFA550292D6A4A38004D100C /* FirebaseDatabase */,
				BFA5502B2D6A4A38004D100C /* FirebaseFirestore */,
				BFA5502D2D6A4A38004D100C /* FirebaseFirestoreCombine-Community */,
				BFA550302D6A4A50004D100C /* GoogleSignIn */,
				BFA550322D6A4A50004D100C /* GoogleSignInSwift */,
				BFA550352D6A4A76004D100C /* Lottie */,
				BF9BB95F2D6AECBB00B565B5 /* SuperwallKit */,
			);
			productName = Snapapp;
			productReference = BFE0AF282D66924C0047AD6F /* Snapapp.app */;
			productType = "com.apple.product-type.application";
		};
		BFE0AF382D66924F0047AD6F /* SnapappTests */ = {
			isa = PBXNativeTarget;
			buildConfigurationList = BFE0AF502D66924F0047AD6F /* Build configuration list for PBXNativeTarget "SnapappTests" */;
			buildPhases = (
				BFE0AF352D66924F0047AD6F /* Sources */,
				BFE0AF362D66924F0047AD6F /* Frameworks */,
				BFE0AF372D66924F0047AD6F /* Resources */,
			);
			buildRules = (
			);
			dependencies = (
				BFE0AF3B2D66924F0047AD6F /* PBXTargetDependency */,
			);
			fileSystemSynchronizedGroups = (
				BFE0AF3C2D66924F0047AD6F /* SnapappTests */,
			);
			name = SnapappTests;
			packageProductDependencies = (
			);
			productName = SnapappTests;
			productReference = BFE0AF392D66924F0047AD6F /* SnapappTests.xctest */;
			productType = "com.apple.product-type.bundle.unit-test";
		};
		BFE0AF422D66924F0047AD6F /* SnapappUITests */ = {
			isa = PBXNativeTarget;
			buildConfigurationList = BFE0AF532D66924F0047AD6F /* Build configuration list for PBXNativeTarget "SnapappUITests" */;
			buildPhases = (
				BFE0AF3F2D66924F0047AD6F /* Sources */,
				BFE0AF402D66924F0047AD6F /* Frameworks */,
				BFE0AF412D66924F0047AD6F /* Resources */,
			);
			buildRules = (
			);
			dependencies = (
				BFE0AF452D66924F0047AD6F /* PBXTargetDependency */,
			);
			fileSystemSynchronizedGroups = (
				BFE0AF462D66924F0047AD6F /* SnapappUITests */,
			);
			name = SnapappUITests;
			packageProductDependencies = (
			);
			productName = SnapappUITests;
			productReference = BFE0AF432D66924F0047AD6F /* SnapappUITests.xctest */;
			productType = "com.apple.product-type.bundle.ui-testing";
		};
/* End PBXNativeTarget section */

/* Begin PBXProject section */
		BFE0AF202D66924C0047AD6F /* Project object */ = {
			isa = PBXProject;
			attributes = {
				BuildIndependentTargetsInParallel = 1;
				LastSwiftUpdateCheck = 1620;
				LastUpgradeCheck = 1620;
				TargetAttributes = {
					BFE0AF272D66924C0047AD6F = {
						CreatedOnToolsVersion = 16.2;
					};
					BFE0AF382D66924F0047AD6F = {
						CreatedOnToolsVersion = 16.2;
						TestTargetID = BFE0AF272D66924C0047AD6F;
					};
					BFE0AF422D66924F0047AD6F = {
						CreatedOnToolsVersion = 16.2;
						TestTargetID = BFE0AF272D66924C0047AD6F;
					};
				};
			};
			buildConfigurationList = BFE0AF232D66924C0047AD6F /* Build configuration list for PBXProject "Snapapp" */;
			developmentRegion = en;
			hasScannedForEncodings = 0;
			knownRegions = (
				en,
				Base,
			);
			mainGroup = BFE0AF1F2D66924C0047AD6F;
			minimizedProjectReferenceProxies = 1;
			packageReferences = (
				BFA550222D6A4A38004D100C /* XCRemoteSwiftPackageReference "firebase-ios-sdk" */,
				BFA5502F2D6A4A50004D100C /* XCRemoteSwiftPackageReference "GoogleSignIn-iOS" */,
				BFA550342D6A4A76004D100C /* XCRemoteSwiftPackageReference "lottie-ios" */,
				BF9BB95E2D6AECBB00B565B5 /* XCRemoteSwiftPackageReference "Superwall-iOS" */,
			);
			preferredProjectObjectVersion = 77;
			productRefGroup = BFE0AF292D66924C0047AD6F /* Products */;
			projectDirPath = "";
			projectRoot = "";
			targets = (
				BFE0AF272D66924C0047AD6F /* Snapapp */,
				BFE0AF382D66924F0047AD6F /* SnapappTests */,
				BFE0AF422D66924F0047AD6F /* SnapappUITests */,
			);
		};
/* End PBXProject section */

/* Begin PBXResourcesBuildPhase section */
		BFE0AF262D66924C0047AD6F /* Resources */ = {
			isa = PBXResourcesBuildPhase;
			buildActionMask = 2147483647;
			files = (
			);
			runOnlyForDeploymentPostprocessing = 0;
		};
		BFE0AF372D66924F0047AD6F /* Resources */ = {
			isa = PBXResourcesBuildPhase;
			buildActionMask = 2147483647;
			files = (
			);
			runOnlyForDeploymentPostprocessing = 0;
		};
		BFE0AF412D66924F0047AD6F /* Resources */ = {
			isa = PBXResourcesBuildPhase;
			buildActionMask = 2147483647;
			files = (
			);
			runOnlyForDeploymentPostprocessing = 0;
		};
/* End PBXResourcesBuildPhase section */

/* Begin PBXSourcesBuildPhase section */
		BFE0AF242D66924C0047AD6F /* Sources */ = {
			isa = PBXSourcesBuildPhase;
			buildActionMask = 2147483647;
			files = (
			);
			runOnlyForDeploymentPostprocessing = 0;
		};
		BFE0AF352D66924F0047AD6F /* Sources */ = {
			isa = PBXSourcesBuildPhase;
			buildActionMask = 2147483647;
			files = (
			);
			runOnlyForDeploymentPostprocessing = 0;
		};
		BFE0AF3F2D66924F0047AD6F /* Sources */ = {
			isa = PBXSourcesBuildPhase;
			buildActionMask = 2147483647;
			files = (
			);
			runOnlyForDeploymentPostprocessing = 0;
		};
/* End PBXSourcesBuildPhase section */

/* Begin PBXTargetDependency section */
		BFE0AF3B2D66924F0047AD6F /* PBXTargetDependency */ = {
			isa = PBXTargetDependency;
			target = BFE0AF272D66924C0047AD6F /* Snapapp */;
			targetProxy = BFE0AF3A2D66924F0047AD6F /* PBXContainerItemProxy */;
		};
		BFE0AF452D66924F0047AD6F /* PBXTargetDependency */ = {
			isa = PBXTargetDependency;
			target = BFE0AF272D66924C0047AD6F /* Snapapp */;
			targetProxy = BFE0AF442D66924F0047AD6F /* PBXContainerItemProxy */;
		};
/* End PBXTargetDependency section */

/* Begin XCBuildConfiguration section */
		BFE0AF4B2D66924F0047AD6F /* Debug */ = {
			isa = XCBuildConfiguration;
			buildSettings = {
				ALWAYS_SEARCH_USER_PATHS = NO;
				ASSETCATALOG_COMPILER_GENERATE_SWIFT_ASSET_SYMBOL_EXTENSIONS = YES;
				CLANG_ANALYZER_NONNULL = YES;
				CLANG_ANALYZER_NUMBER_OBJECT_CONVERSION = YES_AGGRESSIVE;
				CLANG_CXX_LANGUAGE_STANDARD = "gnu++20";
				CLANG_ENABLE_MODULES = YES;
				CLANG_ENABLE_OBJC_ARC = YES;
				CLANG_ENABLE_OBJC_WEAK = YES;
				CLANG_WARN_BLOCK_CAPTURE_AUTORELEASING = YES;
				CLANG_WARN_BOOL_CONVERSION = YES;
				CLANG_WARN_COMMA = YES;
				CLANG_WARN_CONSTANT_CONVERSION = YES;
				CLANG_WARN_DEPRECATED_OBJC_IMPLEMENTATIONS = YES;
				CLANG_WARN_DIRECT_OBJC_ISA_USAGE = YES_ERROR;
				CLANG_WARN_DOCUMENTATION_COMMENTS = YES;
				CLANG_WARN_EMPTY_BODY = YES;
				CLANG_WARN_ENUM_CONVERSION = YES;
				CLANG_WARN_INFINITE_RECURSION = YES;
				CLANG_WARN_INT_CONVERSION = YES;
				CLANG_WARN_NON_LITERAL_NULL_CONVERSION = YES;
				CLANG_WARN_OBJC_IMPLICIT_RETAIN_SELF = YES;
				CLANG_WARN_OBJC_LITERAL_CONVERSION = YES;
				CLANG_WARN_OBJC_ROOT_CLASS = YES_ERROR;
				CLANG_WARN_QUOTED_INCLUDE_IN_FRAMEWORK_HEADER = YES;
				CLANG_WARN_RANGE_LOOP_ANALYSIS = YES;
				CLANG_WARN_STRICT_PROTOTYPES = YES;
				CLANG_WARN_SUSPICIOUS_MOVE = YES;
				CLANG_WARN_UNGUARDED_AVAILABILITY = YES_AGGRESSIVE;
				CLANG_WARN_UNREACHABLE_CODE = YES;
				CLANG_WARN__DUPLICATE_METHOD_MATCH = YES;
				COPY_PHASE_STRIP = NO;
				DEBUG_INFORMATION_FORMAT = dwarf;
				ENABLE_STRICT_OBJC_MSGSEND = YES;
				ENABLE_TESTABILITY = YES;
				ENABLE_USER_SCRIPT_SANDBOXING = YES;
				GCC_C_LANGUAGE_STANDARD = gnu17;
				GCC_DYNAMIC_NO_PIC = NO;
				GCC_NO_COMMON_BLOCKS = YES;
				GCC_OPTIMIZATION_LEVEL = 0;
				GCC_PREPROCESSOR_DEFINITIONS = (
					"DEBUG=1",
					"$(inherited)",
				);
				GCC_WARN_64_TO_32_BIT_CONVERSION = YES;
				GCC_WARN_ABOUT_RETURN_TYPE = YES_ERROR;
				GCC_WARN_UNDECLARED_SELECTOR = YES;
				GCC_WARN_UNINITIALIZED_AUTOS = YES_AGGRESSIVE;
				GCC_WARN_UNUSED_FUNCTION = YES;
				GCC_WARN_UNUSED_VARIABLE = YES;
				LOCALIZATION_PREFERS_STRING_CATALOGS = YES;
				MTL_ENABLE_DEBUG_INFO = INCLUDE_SOURCE;
				MTL_FAST_MATH = YES;
				ONLY_ACTIVE_ARCH = YES;
				SWIFT_ACTIVE_COMPILATION_CONDITIONS = "DEBUG $(inherited)";
				SWIFT_OPTIMIZATION_LEVEL = "-Onone";
			};
			name = Debug;
		};
		BFE0AF4C2D66924F0047AD6F /* Release */ = {
			isa = XCBuildConfiguration;
			buildSettings = {
				ALWAYS_SEARCH_USER_PATHS = NO;
				ASSETCATALOG_COMPILER_GENERATE_SWIFT_ASSET_SYMBOL_EXTENSIONS = YES;
				CLANG_ANALYZER_NONNULL = YES;
				CLANG_ANALYZER_NUMBER_OBJECT_CONVERSION = YES_AGGRESSIVE;
				CLANG_CXX_LANGUAGE_STANDARD = "gnu++20";
				CLANG_ENABLE_MODULES = YES;
				CLANG_ENABLE_OBJC_ARC = YES;
				CLANG_ENABLE_OBJC_WEAK = YES;
				CLANG_WARN_BLOCK_CAPTURE_AUTORELEASING = YES;
				CLANG_WARN_BOOL_CONVERSION = YES;
				CLANG_WARN_COMMA = YES;
				CLANG_WARN_CONSTANT_CONVERSION = YES;
				CLANG_WARN_DEPRECATED_OBJC_IMPLEMENTATIONS = YES;
				CLANG_WARN_DIRECT_OBJC_ISA_USAGE = YES_ERROR;
				CLANG_WARN_DOCUMENTATION_COMMENTS = YES;
				CLANG_WARN_EMPTY_BODY = YES;
				CLANG_WARN_ENUM_CONVERSION = YES;
				CLANG_WARN_INFINITE_RECURSION = YES;
				CLANG_WARN_INT_CONVERSION = YES;
				CLANG_WARN_NON_LITERAL_NULL_CONVERSION = YES;
				CLANG_WARN_OBJC_IMPLICIT_RETAIN_SELF = YES;
				CLANG_WARN_OBJC_LITERAL_CONVERSION = YES;
				CLANG_WARN_OBJC_ROOT_CLASS = YES_ERROR;
				CLANG_WARN_QUOTED_INCLUDE_IN_FRAMEWORK_HEADER = YES;
				CLANG_WARN_RANGE_LOOP_ANALYSIS = YES;
				CLANG_WARN_STRICT_PROTOTYPES = YES;
				CLANG_WARN_SUSPICIOUS_MOVE = YES;
				CLANG_WARN_UNGUARDED_AVAILABILITY = YES_AGGRESSIVE;
				CLANG_WARN_UNREACHABLE_CODE = YES;
				CLANG_WARN__DUPLICATE_METHOD_MATCH = YES;
				COPY_PHASE_STRIP = NO;
				DEBUG_INFORMATION_FORMAT = "dwarf-with-dsym";
				ENABLE_NS_ASSERTIONS = NO;
				ENABLE_STRICT_OBJC_MSGSEND = YES;
				ENABLE_USER_SCRIPT_SANDBOXING = YES;
				GCC_C_LANGUAGE_STANDARD = gnu17;
				GCC_NO_COMMON_BLOCKS = YES;
				GCC_WARN_64_TO_32_BIT_CONVERSION = YES;
				GCC_WARN_ABOUT_RETURN_TYPE = YES_ERROR;
				GCC_WARN_UNDECLARED_SELECTOR = YES;
				GCC_WARN_UNINITIALIZED_AUTOS = YES_AGGRESSIVE;
				GCC_WARN_UNUSED_FUNCTION = YES;
				GCC_WARN_UNUSED_VARIABLE = YES;
				LOCALIZATION_PREFERS_STRING_CATALOGS = YES;
				MTL_ENABLE_DEBUG_INFO = NO;
				MTL_FAST_MATH = YES;
				SWIFT_COMPILATION_MODE = wholemodule;
			};
			name = Release;
		};
		BFE0AF4E2D66924F0047AD6F /* Debug */ = {
			isa = XCBuildConfiguration;
			buildSettings = {
				ASSETCATALOG_COMPILER_APPICON_NAME = AppIcon;
				ASSETCATALOG_COMPILER_GLOBAL_ACCENT_COLOR_NAME = AccentColor;
				CODE_SIGN_ENTITLEMENTS = Snapapp/Snapapp.entitlements;
				CODE_SIGN_STYLE = Automatic;
				CURRENT_PROJECT_VERSION = 5;
				DEVELOPMENT_ASSET_PATHS = "\"Snapapp/Preview Content\"";
				DEVELOPMENT_TEAM = 5L2794TA8F;
				ENABLE_HARDENED_RUNTIME = YES;
				ENABLE_PREVIEWS = YES;
				GENERATE_INFOPLIST_FILE = NO;
				INFOPLIST_FILE = Snapapp/Info.plist;
				INFOPLIST_KEY_CFBundleDisplayName = Snapout;
				"INFOPLIST_KEY_UIApplicationSceneManifest_Generation[sdk=iphoneos*]" = YES;
				"INFOPLIST_KEY_UIApplicationSceneManifest_Generation[sdk=iphonesimulator*]" = YES;
				"INFOPLIST_KEY_UIApplicationSupportsIndirectInputEvents[sdk=iphoneos*]" = YES;
				"INFOPLIST_KEY_UIApplicationSupportsIndirectInputEvents[sdk=iphonesimulator*]" = YES;
				"INFOPLIST_KEY_UILaunchScreen_Generation[sdk=iphoneos*]" = YES;
				"INFOPLIST_KEY_UILaunchScreen_Generation[sdk=iphonesimulator*]" = YES;
				"INFOPLIST_KEY_UIStatusBarStyle[sdk=iphoneos*]" = UIStatusBarStyleDefault;
				"INFOPLIST_KEY_UIStatusBarStyle[sdk=iphonesimulator*]" = UIStatusBarStyleDefault;
				INFOPLIST_KEY_UISupportedInterfaceOrientations_iPad = "";
				INFOPLIST_KEY_UISupportedInterfaceOrientations_iPhone = "UIInterfaceOrientationPortrait UIInterfaceOrientationLandscapeLeft UIInterfaceOrientationLandscapeRight";
				IPHONEOS_DEPLOYMENT_TARGET = 15.6;
				LD_RUNPATH_SEARCH_PATHS = "@executable_path/Frameworks";
				"LD_RUNPATH_SEARCH_PATHS[sdk=macosx*]" = "@executable_path/../Frameworks";
				MARKETING_VERSION = 5.0;
				NEW_SETTING = "";
				PRODUCT_BUNDLE_IDENTIFIER = ABP.AttractByPursuit.Snapapp;
				PRODUCT_NAME = "$(TARGET_NAME)";
				SDKROOT = auto;
				SUPPORTED_PLATFORMS = "iphoneos iphonesimulator";
				SUPPORTS_MACCATALYST = NO;
				SWIFT_EMIT_LOC_STRINGS = YES;
				SWIFT_VERSION = 5.0;
				TARGETED_DEVICE_FAMILY = 1;
			};
			name = Debug;
		};
		BFE0AF4F2D66924F0047AD6F /* Release */ = {
			isa = XCBuildConfiguration;
			buildSettings = {
				ASSETCATALOG_COMPILER_APPICON_NAME = AppIcon;
				ASSETCATALOG_COMPILER_GLOBAL_ACCENT_COLOR_NAME = AccentColor;
				CODE_SIGN_ENTITLEMENTS = Snapapp/Snapapp.entitlements;
				CODE_SIGN_STYLE = Automatic;
				CURRENT_PROJECT_VERSION = 5;
				DEVELOPMENT_ASSET_PATHS = "\"Snapapp/Preview Content\"";
				DEVELOPMENT_TEAM = 5L2794TA8F;
				ENABLE_HARDENED_RUNTIME = YES;
				ENABLE_PREVIEWS = YES;
				GENERATE_INFOPLIST_FILE = NO;
				INFOPLIST_FILE = Snapapp/Info.plist;
				INFOPLIST_KEY_CFBundleDisplayName = Snapout;
				"INFOPLIST_KEY_UIApplicationSceneManifest_Generation[sdk=iphoneos*]" = YES;
				"INFOPLIST_KEY_UIApplicationSceneManifest_Generation[sdk=iphonesimulator*]" = YES;
				"INFOPLIST_KEY_UIApplicationSupportsIndirectInputEvents[sdk=iphoneos*]" = YES;
				"INFOPLIST_KEY_UIApplicationSupportsIndirectInputEvents[sdk=iphonesimulator*]" = YES;
				"INFOPLIST_KEY_UILaunchScreen_Generation[sdk=iphoneos*]" = YES;
				"INFOPLIST_KEY_UILaunchScreen_Generation[sdk=iphonesimulator*]" = YES;
				"INFOPLIST_KEY_UIStatusBarStyle[sdk=iphoneos*]" = UIStatusBarStyleDefault;
				"INFOPLIST_KEY_UIStatusBarStyle[sdk=iphonesimulator*]" = UIStatusBarStyleDefault;
				INFOPLIST_KEY_UISupportedInterfaceOrientations_iPad = "";
				INFOPLIST_KEY_UISupportedInterfaceOrientations_iPhone = "UIInterfaceOrientationPortrait UIInterfaceOrientationLandscapeLeft UIInterfaceOrientationLandscapeRight";
				IPHONEOS_DEPLOYMENT_TARGET = 15.6;
				LD_RUNPATH_SEARCH_PATHS = "@executable_path/Frameworks";
				"LD_RUNPATH_SEARCH_PATHS[sdk=macosx*]" = "@executable_path/../Frameworks";
				MARKETING_VERSION = 5.0;
				NEW_SETTING = "";
				PRODUCT_BUNDLE_IDENTIFIER = ABP.AttractByPursuit.Snapapp;
				PRODUCT_NAME = "$(TARGET_NAME)";
				SDKROOT = auto;
				SUPPORTED_PLATFORMS = "iphoneos iphonesimulator";
				SUPPORTS_MACCATALYST = NO;
				SWIFT_EMIT_LOC_STRINGS = YES;
				SWIFT_VERSION = 5.0;
				TARGETED_DEVICE_FAMILY = 1;
			};
			name = Release;
		};
		BFE0AF512D66924F0047AD6F /* Debug */ = {
			isa = XCBuildConfiguration;
			buildSettings = {
				BUNDLE_LOADER = "$(TEST_HOST)";
				CODE_SIGN_STYLE = Automatic;
				CURRENT_PROJECT_VERSION = 1;
				DEVELOPMENT_TEAM = 5L2794TA8F;
				GENERATE_INFOPLIST_FILE = YES;
				IPHONEOS_DEPLOYMENT_TARGET = 18.2;
				MACOSX_DEPLOYMENT_TARGET = 15.2;
				MARKETING_VERSION = 1.0;
				PRODUCT_BUNDLE_IDENTIFIER = AttractByPursuit.SnapappTests;
				PRODUCT_NAME = "$(TARGET_NAME)";
				SDKROOT = auto;
				SUPPORTED_PLATFORMS = iphoneos;
				SWIFT_EMIT_LOC_STRINGS = NO;
				SWIFT_VERSION = 5.0;
				TARGETED_DEVICE_FAMILY = 1;
				TEST_HOST = "$(BUILT_PRODUCTS_DIR)/Snapapp.app/$(BUNDLE_EXECUTABLE_FOLDER_PATH)/Snapapp";
				XROS_DEPLOYMENT_TARGET = 2.2;
			};
			name = Debug;
		};
		BFE0AF522D66924F0047AD6F /* Release */ = {
			isa = XCBuildConfiguration;
			buildSettings = {
				BUNDLE_LOADER = "$(TEST_HOST)";
				CODE_SIGN_STYLE = Automatic;
				CURRENT_PROJECT_VERSION = 1;
				DEVELOPMENT_TEAM = 5L2794TA8F;
				GENERATE_INFOPLIST_FILE = YES;
				IPHONEOS_DEPLOYMENT_TARGET = 18.2;
				MACOSX_DEPLOYMENT_TARGET = 15.2;
				MARKETING_VERSION = 1.0;
				PRODUCT_BUNDLE_IDENTIFIER = AttractByPursuit.SnapappTests;
				PRODUCT_NAME = "$(TARGET_NAME)";
				SDKROOT = auto;
				SUPPORTED_PLATFORMS = iphoneos;
				SWIFT_EMIT_LOC_STRINGS = NO;
				SWIFT_VERSION = 5.0;
				TARGETED_DEVICE_FAMILY = 1;
				TEST_HOST = "$(BUILT_PRODUCTS_DIR)/Snapapp.app/$(BUNDLE_EXECUTABLE_FOLDER_PATH)/Snapapp";
				XROS_DEPLOYMENT_TARGET = 2.2;
			};
			name = Release;
		};
		BFE0AF542D66924F0047AD6F /* Debug */ = {
			isa = XCBuildConfiguration;
			buildSettings = {
				CODE_SIGN_STYLE = Automatic;
				CURRENT_PROJECT_VERSION = 1;
				DEVELOPMENT_TEAM = 5L2794TA8F;
				GENERATE_INFOPLIST_FILE = YES;
				IPHONEOS_DEPLOYMENT_TARGET = 18.2;
				MACOSX_DEPLOYMENT_TARGET = 15.2;
				MARKETING_VERSION = 1.0;
				PRODUCT_BUNDLE_IDENTIFIER = AttractByPursuit.SnapappUITests;
				PRODUCT_NAME = "$(TARGET_NAME)";
				SDKROOT = auto;
				SUPPORTED_PLATFORMS = iphoneos;
				SWIFT_EMIT_LOC_STRINGS = NO;
				SWIFT_VERSION = 5.0;
				TARGETED_DEVICE_FAMILY = 1;
				TEST_TARGET_NAME = Snapapp;
				XROS_DEPLOYMENT_TARGET = 2.2;
			};
			name = Debug;
		};
		BFE0AF552D66924F0047AD6F /* Release */ = {
			isa = XCBuildConfiguration;
			buildSettings = {
				CODE_SIGN_STYLE = Automatic;
				CURRENT_PROJECT_VERSION = 1;
				DEVELOPMENT_TEAM = 5L2794TA8F;
				GENERATE_INFOPLIST_FILE = YES;
				IPHONEOS_DEPLOYMENT_TARGET = 18.2;
				MACOSX_DEPLOYMENT_TARGET = 15.2;
				MARKETING_VERSION = 1.0;
				PRODUCT_BUNDLE_IDENTIFIER = AttractByPursuit.SnapappUITests;
				PRODUCT_NAME = "$(TARGET_NAME)";
				SDKROOT = auto;
				SUPPORTED_PLATFORMS = iphoneos;
				SWIFT_EMIT_LOC_STRINGS = NO;
				SWIFT_VERSION = 5.0;
				TARGETED_DEVICE_FAMILY = 1;
				TEST_TARGET_NAME = Snapapp;
				XROS_DEPLOYMENT_TARGET = 2.2;
			};
			name = Release;
		};
/* End XCBuildConfiguration section */

/* Begin XCConfigurationList section */
		BFE0AF232D66924C0047AD6F /* Build configuration list for PBXProject "Snapapp" */ = {
			isa = XCConfigurationList;
			buildConfigurations = (
				BFE0AF4B2D66924F0047AD6F /* Debug */,
				BFE0AF4C2D66924F0047AD6F /* Release */,
			);
			defaultConfigurationIsVisible = 0;
			defaultConfigurationName = Release;
		};
		BFE0AF4D2D66924F0047AD6F /* Build configuration list for PBXNativeTarget "Snapapp" */ = {
			isa = XCConfigurationList;
			buildConfigurations = (
				BFE0AF4E2D66924F0047AD6F /* Debug */,
				BFE0AF4F2D66924F0047AD6F /* Release */,
			);
			defaultConfigurationIsVisible = 0;
			defaultConfigurationName = Release;
		};
		BFE0AF502D66924F0047AD6F /* Build configuration list for PBXNativeTarget "SnapappTests" */ = {
			isa = XCConfigurationList;
			buildConfigurations = (
				BFE0AF512D66924F0047AD6F /* Debug */,
				BFE0AF522D66924F0047AD6F /* Release */,
			);
			defaultConfigurationIsVisible = 0;
			defaultConfigurationName = Release;
		};
		BFE0AF532D66924F0047AD6F /* Build configuration list for PBXNativeTarget "SnapappUITests" */ = {
			isa = XCConfigurationList;
			buildConfigurations = (
				BFE0AF542D66924F0047AD6F /* Debug */,
				BFE0AF552D66924F0047AD6F /* Release */,
			);
			defaultConfigurationIsVisible = 0;
			defaultConfigurationName = Release;
		};
/* End XCConfigurationList section */

/* Begin XCRemoteSwiftPackageReference section */
		BF9BB95E2D6AECBB00B565B5 /* XCRemoteSwiftPackageReference "Superwall-iOS" */ = {
			isa = XCRemoteSwiftPackageReference;
			repositoryURL = "https://github.com/superwall/Superwall-iOS";
			requirement = {
				kind = upToNextMajorVersion;
				minimumVersion = 4.0.0;
			};
		};
		BFA550222D6A4A38004D100C /* XCRemoteSwiftPackageReference "firebase-ios-sdk" */ = {
			isa = XCRemoteSwiftPackageReference;
			repositoryURL = "https://github.com/firebase/firebase-ios-sdk.git";
			requirement = {
				kind = upToNextMajorVersion;
				minimumVersion = 11.8.1;
			};
		};
		BFA5502F2D6A4A50004D100C /* XCRemoteSwiftPackageReference "GoogleSignIn-iOS" */ = {
			isa = XCRemoteSwiftPackageReference;
			repositoryURL = "https://github.com/google/GoogleSignIn-iOS";
			requirement = {
				kind = upToNextMajorVersion;
				minimumVersion = 8.0.0;
			};
		};
		BFA550342D6A4A76004D100C /* XCRemoteSwiftPackageReference "lottie-ios" */ = {
			isa = XCRemoteSwiftPackageReference;
			repositoryURL = "https://github.com/airbnb/lottie-ios.git";
			requirement = {
				kind = upToNextMajorVersion;
				minimumVersion = 4.5.1;
			};
		};
/* End XCRemoteSwiftPackageReference section */

/* Begin XCSwiftPackageProductDependency section */
		BF9BB95F2D6AECBB00B565B5 /* SuperwallKit */ = {
			isa = XCSwiftPackageProductDependency;
			package = BF9BB95E2D6AECBB00B565B5 /* XCRemoteSwiftPackageReference "Superwall-iOS" */;
			productName = SuperwallKit;
		};
		BFA550232D6A4A38004D100C /* FirebaseAppCheck */ = {
			isa = XCSwiftPackageProductDependency;
			package = BFA550222D6A4A38004D100C /* XCRemoteSwiftPackageReference "firebase-ios-sdk" */;
			productName = FirebaseAppCheck;
		};
		BFA550252D6A4A38004D100C /* FirebaseAuth */ = {
			isa = XCSwiftPackageProductDependency;
			package = BFA550222D6A4A38004D100C /* XCRemoteSwiftPackageReference "firebase-ios-sdk" */;
			productName = FirebaseAuth;
		};
		BFA550272D6A4A38004D100C /* FirebaseCore */ = {
			isa = XCSwiftPackageProductDependency;
			package = BFA550222D6A4A38004D100C /* XCRemoteSwiftPackageReference "firebase-ios-sdk" */;
			productName = FirebaseCore;
		};
		BFA550292D6A4A38004D100C /* FirebaseDatabase */ = {
			isa = XCSwiftPackageProductDependency;
			package = BFA550222D6A4A38004D100C /* XCRemoteSwiftPackageReference "firebase-ios-sdk" */;
			productName = FirebaseDatabase;
		};
		BFA5502B2D6A4A38004D100C /* FirebaseFirestore */ = {
			isa = XCSwiftPackageProductDependency;
			package = BFA550222D6A4A38004D100C /* XCRemoteSwiftPackageReference "firebase-ios-sdk" */;
			productName = FirebaseFirestore;
		};
		BFA5502D2D6A4A38004D100C /* FirebaseFirestoreCombine-Community */ = {
			isa = XCSwiftPackageProductDependency;
			package = BFA550222D6A4A38004D100C /* XCRemoteSwiftPackageReference "firebase-ios-sdk" */;
			productName = "FirebaseFirestoreCombine-Community";
		};
		BFA550302D6A4A50004D100C /* GoogleSignIn */ = {
			isa = XCSwiftPackageProductDependency;
			package = BFA5502F2D6A4A50004D100C /* XCRemoteSwiftPackageReference "GoogleSignIn-iOS" */;
			productName = GoogleSignIn;
		};
		BFA550322D6A4A50004D100C /* GoogleSignInSwift */ = {
			isa = XCSwiftPackageProductDependency;
			package = BFA5502F2D6A4A50004D100C /* XCRemoteSwiftPackageReference "GoogleSignIn-iOS" */;
			productName = GoogleSignInSwift;
		};
		BFA550352D6A4A76004D100C /* Lottie */ = {
			isa = XCSwiftPackageProductDependency;
			package = BFA550342D6A4A76004D100C /* XCRemoteSwiftPackageReference "lottie-ios" */;
			productName = Lottie;
		};
/* End XCSwiftPackageProductDependency section */
	};
	rootObject = BFE0AF202D66924C0047AD6F /* Project object */;
}
